
Microsoft Visual Studio Solution File, Format Version 12.00
# Visual Studio Version 18
VisualStudioVersion = 18.4.11620.152 stable
MinimumVisualStudioVersion = 10.0.40219.1
Project("{FAE04EC0-301F-11D3-BF4B-00C04F79EFBC}") = "MatchSimulator.Function", "MatchSimulator.Function.csproj", "{6E42AEDC-A10A-C8CD-7DE7-B21E1C71ECF6}"
EndProject
Global
	GlobalSection(SolutionConfigurationPlatforms) = preSolution
		Debug|Any CPU = Debug|Any CPU
		Release|Any CPU = Release|Any CPU
	EndGlobalSection
	GlobalSection(ProjectConfigurationPlatforms) = postSolution
		{6E42AEDC-A10A-C8CD-7DE7-B21E1C71ECF6}.Debug|Any CPU.ActiveCfg = Debug|Any CPU
		{6E42AEDC-A10A-C8CD-7DE7-B21E1C71ECF6}.Debug|Any CPU.Build.0 = Debug|Any CPU
		{6E42AEDC-A10A-C8CD-7DE7-B21E1C71ECF6}.Release|Any CPU.ActiveCfg = Release|Any CPU
		{6E42AEDC-A10A-C8CD-7DE7-B21E1C71ECF6}.Release|Any CPU.Build.0 = Release|Any CPU
	EndGlobalSection
	GlobalSection(SolutionProperties) = preSolution
		HideSolutionNode = FALSE
	EndGlobalSection
	GlobalSection(ExtensibilityGlobals) = postSolution
		SolutionGuid = {0E163A2B-B7CC-4898-961B-6E7273034DDE}
	EndGlobalSection
EndGlobal
